<?xml version="1.0" encoding="UTF-8" standalone="yes" ?>
<CodeBlocks_project_file>
	<FileVersion major="1" minor="6" />
	<Project>
		<Option title="Wooki" />
		<Option pch_mode="2" />
		<Option compiler="gcc" />
		<Build>
			<Target title="Debug">
				<Option output="bin/Debug/Wooki" prefix_auto="1" extension_auto="1" />
				<Option object_output="obj/Debug/" />
				<Option type="1" />
				<Option compiler="gcc" />
				<Compiler>
					<Add option="-g" />
					<Add directory="." />
					<Add directory="wooki/lib" />
				</Compiler>
			</Target>
			<Target title="Release">
				<Option output="bin/Release/Wooki" prefix_auto="1" extension_auto="1" />
				<Option object_output="obj/Release/" />
				<Option type="1" />
				<Option compiler="gcc" />
				<Compiler>
					<Add option="-O2" />
				</Compiler>
				<Linker>
					<Add option="-s" />
				</Linker>
			</Target>
		</Build>
		<Compiler>
			<Add option="-Wall" />
		</Compiler>
		<Unit filename="main.c">
			<Option compilerVar="CC" />
		</Unit>
		<Unit filename="stack/stack.c">
			<Option compilerVar="CC" />
		</Unit>
		<Unit filename="stack/stack.h" />
		<Unit filename="stack/stack_intf.c">
			<Option compilerVar="CC" />
		</Unit>
		<Unit filename="stack/stack_intf.h" />
		<Unit filename="wooki.h" />
		<Unit filename="wooki/benchmark.c">
			<Option compilerVar="CC" />
		</Unit>
		<Unit filename="wooki/chewbacca.h" />
		<Unit filename="wooki/core.c">
			<Option compilerVar="CC" />
		</Unit>
		<Unit filename="wooki/helpers.c">
			<Option compilerVar="CC" />
		</Unit>
		<Unit filename="wooki/helpers.h" />
		<Unit filename="wooki/info.c">
			<Option compilerVar="CC" />
		</Unit>
		<Unit filename="wooki/lib/linkedlist.c">
			<Option compilerVar="CC" />
		</Unit>
		<Unit filename="wooki/lib/linkedlist.h" />
		<Unit filename="wooki/parser.c">
			<Option compilerVar="CC" />
		</Unit>
		<Unit filename="wooki/parsers.c">
			<Option compilerVar="CC" />
		</Unit>
		<Unit filename="wooki/runtime.c">
			<Option compilerVar="CC" />
		</Unit>
		<Unit filename="wooki/runtime.h" />
		<Unit filename="wooki/triggers.c">
			<Option compilerVar="CC" />
		</Unit>
		<Unit filename="wooki/types.c">
			<Option compilerVar="CC" />
		</Unit>
		<Unit filename="wooki/wobject.c">
			<Option compilerVar="CC" />
		</Unit>
		<Extensions>
			<envvars />
			<code_completion />
			<debugger />
			<lib_finder disable_auto="1" />
		</Extensions>
	</Project>
</CodeBlocks_project_file>
